// !$*UTF8*$!
{
	archiveVersion = 1;
	classes = {
	};
	objectVersion = 56;
	objects = {

/* Begin PBXBuildFile section */
		1CD3C80F2AF4EA1600C7B804 /* SaveMoneyApp.swift in Sources */ = {isa = PBXBuildFile; fileRef = 1CD3C80E2AF4EA1600C7B804 /* SaveMoneyApp.swift */; };
		1CD3C8112AF4EA1600C7B804 /* ContentView.swift in Sources */ = {isa = PBXBuildFile; fileRef = 1CD3C8102AF4EA1600C7B804 /* ContentView.swift */; };
		1CD3C8132AF4EA1A00C7B804 /* Assets.xcassets in Resources */ = {isa = PBXBuildFile; fileRef = 1CD3C8122AF4EA1A00C7B804 /* Assets.xcassets */; };
		1CD3C8172AF4EA1A00C7B804 /* Preview Assets.xcassets in Resources */ = {isa = PBXBuildFile; fileRef = 1CD3C8162AF4EA1A00C7B804 /* Preview Assets.xcassets */; };
		1CD3C8212AF4EA1B00C7B804 /* SaveMoneyTests.swift in Sources */ = {isa = PBXBuildFile; fileRef = 1CD3C8202AF4EA1B00C7B804 /* SaveMoneyTests.swift */; };
		1CD3C82B2AF4EA1B00C7B804 /* SaveMoneyUITests.swift in Sources */ = {isa = PBXBuildFile; fileRef = 1CD3C82A2AF4EA1B00C7B804 /* SaveMoneyUITests.swift */; };
		1CD3C82D2AF4EA1B00C7B804 /* SaveMoneyUITestsLaunchTests.swift in Sources */ = {isa = PBXBuildFile; fileRef = 1CD3C82C2AF4EA1B00C7B804 /* SaveMoneyUITestsLaunchTests.swift */; };
/* End PBXBuildFile section */

/* Begin PBXContainerItemProxy section */
		1CD3C81D2AF4EA1B00C7B804 /* PBXContainerItemProxy */ = {
			isa = PBXContainerItemProxy;
			containerPortal = 1CD3C8032AF4EA1600C7B804 /* Project object */;
			proxyType = 1;
			remoteGlobalIDString = 1CD3C80A2AF4EA1600C7B804;
			remoteInfo = SaveMoney;
		};
		1CD3C8272AF4EA1B00C7B804 /* PBXContainerItemProxy */ = {
			isa = PBXContainerItemProxy;
			containerPortal = 1CD3C8032AF4EA1600C7B804 /* Project object */;
			proxyType = 1;
			remoteGlobalIDString = 1CD3C80A2AF4EA1600C7B804;
			remoteInfo = SaveMoney;
		};
/* End PBXContainerItemProxy section */

/* Begin PBXFileReference section */
		1CD3C80B2AF4EA1600C7B804 /* SaveMoney.app */ = {isa = PBXFileReference; explicitFileType = wrapper.application; includeInIndex = 0; path = SaveMoney.app; sourceTree = BUILT_PRODUCTS_DIR; };
		1CD3C80E2AF4EA1600C7B804 /* SaveMoneyApp.swift */ = {isa = PBXFileReference; lastKnownFileType = sourcecode.swift; path = SaveMoneyApp.swift; sourceTree = "<group>"; };
		1CD3C8102AF4EA1600C7B804 /* ContentView.swift */ = {isa = PBXFileReference; lastKnownFileType = sourcecode.swift; path = ContentView.swift; sourceTree = "<group>"; };
		1CD3C8122AF4EA1A00C7B804 /* Assets.xcassets */ = {isa = PBXFileReference; lastKnownFileType = folder.assetcatalog; path = Assets.xcassets; sourceTree = "<group>"; };
		1CD3C8142AF4EA1A00C7B804 /* SaveMoney.entitlements */ = {isa = PBXFileReference; lastKnownFileType = text.plist.entitlements; path = SaveMoney.entitlements; sourceTree = "<group>"; };
		1CD3C8162AF4EA1A00C7B804 /* Preview Assets.xcassets */ = {isa = PBXFileReference; lastKnownFileType = folder.assetcatalog; path = "Preview Assets.xcassets"; sourceTree = "<group>"; };
		1CD3C81C2AF4EA1B00C7B804 /* SaveMoneyTests.xctest */ = {isa = PBXFileReference; explicitFileType = wrapper.cfbundle; includeInIndex = 0; path = SaveMoneyTests.xctest; sourceTree = BUILT_PRODUCTS_DIR; };
		1CD3C8202AF4EA1B00C7B804 /* SaveMoneyTests.swift */ = {isa = PBXFileReference; lastKnownFileType = sourcecode.swift; path = SaveMoneyTests.swift; sourceTree = "<group>"; };
		1CD3C8262AF4EA1B00C7B804 /* SaveMoneyUITests.xctest */ = {isa = PBXFileReference; explicitFileType = wrapper.cfbundle; includeInIndex = 0; path = SaveMoneyUITests.xctest; sourceTree = BUILT_PRODUCTS_DIR; };
		1CD3C82A2AF4EA1B00C7B804 /* SaveMoneyUITests.swift */ = {isa = PBXFileReference; lastKnownFileType = sourcecode.swift; path = SaveMoneyUITests.swift; sourceTree = "<group>"; };
		1CD3C82C2AF4EA1B00C7B804 /* SaveMoneyUITestsLaunchTests.swift */ = {isa = PBXFileReference; lastKnownFileType = sourcecode.swift; path = SaveMoneyUITestsLaunchTests.swift; sourceTree = "<group>"; };
/* End PBXFileReference section */

/* Begin PBXFrameworksBuildPhase section */
		1CD3C8082AF4EA1600C7B804 /* Frameworks */ = {
			isa = PBXFrameworksBuildPhase;
			buildActionMask = 2147483647;
			files = (
			);
			runOnlyForDeploymentPostprocessing = 0;
		};
		1CD3C8192AF4EA1B00C7B804 /* Frameworks */ = {
			isa = PBXFrameworksBuildPhase;
			buildActionMask = 2147483647;
			files = (
			);
			runOnlyForDeploymentPostprocessing = 0;
		};
		1CD3C8232AF4EA1B00C7B804 /* Frameworks */ = {
			isa = PBXFrameworksBuildPhase;
			buildActionMask = 2147483647;
			files = (
			);
			runOnlyForDeploymentPostprocessing = 0;
		};
/* End PBXFrameworksBuildPhase section */

/* Begin PBXGroup section */
		1CD3C8022AF4EA1600C7B804 = {
			isa = PBXGroup;
			children = (
				1CD3C80D2AF4EA1600C7B804 /* SaveMoney */,
				1CD3C81F2AF4EA1B00C7B804 /* SaveMoneyTests */,
				1CD3C8292AF4EA1B00C7B804 /* SaveMoneyUITests */,
				1CD3C80C2AF4EA1600C7B804 /* Products */,
			);
			sourceTree = "<group>";
		};
		1CD3C80C2AF4EA1600C7B804 /* Products */ = {
			isa = PBXGroup;
			children = (
				1CD3C80B2AF4EA1600C7B804 /* SaveMoney.app */,
				1CD3C81C2AF4EA1B00C7B804 /* SaveMoneyTests.xctest */,
				1CD3C8262AF4EA1B00C7B804 /* SaveMoneyUITests.xctest */,
			);
			name = Products;
			sourceTree = "<group>";
		};
		1CD3C80D2AF4EA1600C7B804 /* SaveMoney */ = {
			isa = PBXGroup;
			children = (
				1CD3C80E2AF4EA1600C7B804 /* SaveMoneyApp.swift */,
				1CD3C8102AF4EA1600C7B804 /* ContentView.swift */,
				1CD3C8122AF4EA1A00C7B804 /* Assets.xcassets */,
				1CD3C8142AF4EA1A00C7B804 /* SaveMoney.entitlements */,
				1CD3C8152AF4EA1A00C7B804 /* Preview Content */,
			);
			path = SaveMoney;
			sourceTree = "<group>";
		};
		1CD3C8152AF4EA1A00C7B804 /* Preview Content */ = {
			isa = PBXGroup;
			children = (
				1CD3C8162AF4EA1A00C7B804 /* Preview Assets.xcassets */,
			);
			path = "Preview Content";
			sourceTree = "<group>";
		};
		1CD3C81F2AF4EA1B00C7B804 /* SaveMoneyTests */ = {
			isa = PBXGroup;
			children = (
				1CD3C8202AF4EA1B00C7B804 /* SaveMoneyTests.swift */,
			);
			path = SaveMoneyTests;
			sourceTree = "<group>";
		};
		1CD3C8292AF4EA1B00C7B804 /* SaveMoneyUITests */ = {
			isa = PBXGroup;
			children = (
				1CD3C82A2AF4EA1B00C7B804 /* SaveMoneyUITests.swift */,
				1CD3C82C2AF4EA1B00C7B804 /* SaveMoneyUITestsLaunchTests.swift */,
			);
			path = SaveMoneyUITests;
			sourceTree = "<group>";
		};
/* End PBXGroup section */

/* Begin PBXNativeTarget section */
		1CD3C80A2AF4EA1600C7B804 /* SaveMoney */ = {
			isa = PBXNativeTarget;
			buildConfigurationList = 1CD3C8302AF4EA1B00C7B804 /* Build configuration list for PBXNativeTarget "SaveMoney" */;
			buildPhases = (
				1CD3C8072AF4EA1600C7B804 /* Sources */,
				1CD3C8082AF4EA1600C7B804 /* Frameworks */,
				1CD3C8092AF4EA1600C7B804 /* Resources */,
			);
			buildRules = (
			);
			dependencies = (
			);
			name = SaveMoney;
			productName = SaveMoney;
			productReference = 1CD3C80B2AF4EA1600C7B804 /* SaveMoney.app */;
			productType = "com.apple.product-type.application";
		};
		1CD3C81B2AF4EA1B00C7B804 /* SaveMoneyTests */ = {
			isa = PBXNativeTarget;
			buildConfigurationList = 1CD3C8332AF4EA1B00C7B804 /* Build configuration list for PBXNativeTarget "SaveMoneyTests" */;
			buildPhases = (
				1CD3C8182AF4EA1B00C7B804 /* Sources */,
				1CD3C8192AF4EA1B00C7B804 /* Frameworks */,
				1CD3C81A2AF4EA1B00C7B804 /* Resources */,
			);
			buildRules = (
			);
			dependencies = (
				1CD3C81E2AF4EA1B00C7B804 /* PBXTargetDependency */,
			);
			name = SaveMoneyTests;
			productName = SaveMoneyTests;
			productReference = 1CD3C81C2AF4EA1B00C7B804 /* SaveMoneyTests.xctest */;
			productType = "com.apple.product-type.bundle.unit-test";
		};
		1CD3C8252AF4EA1B00C7B804 /* SaveMoneyUITests */ = {
			isa = PBXNativeTarget;
			buildConfigurationList = 1CD3C8362AF4EA1B00C7B804 /* Build configuration list for PBXNativeTarget "SaveMoneyUITests" */;
			buildPhases = (
				1CD3C8222AF4EA1B00C7B804 /* Sources */,
				1CD3C8232AF4EA1B00C7B804 /* Frameworks */,
				1CD3C8242AF4EA1B00C7B804 /* Resources */,
			);
			buildRules = (
			);
			dependencies = (
				1CD3C8282AF4EA1B00C7B804 /* PBXTargetDependency */,
			);
			name = SaveMoneyUITests;
			productName = SaveMoneyUITests;
			productReference = 1CD3C8262AF4EA1B00C7B804 /* SaveMoneyUITests.xctest */;
			productType = "com.apple.product-type.bundle.ui-testing";
		};
/* End PBXNativeTarget section */

/* Begin PBXProject section */
		1CD3C8032AF4EA1600C7B804 /* Project object */ = {
			isa = PBXProject;
			attributes = {
				BuildIndependentTargetsInParallel = 1;
				LastSwiftUpdateCheck = 1500;
				LastUpgradeCheck = 1500;
				TargetAttributes = {
					1CD3C80A2AF4EA1600C7B804 = {
						CreatedOnToolsVersion = 15.0.1;
					};
					1CD3C81B2AF4EA1B00C7B804 = {
						CreatedOnToolsVersion = 15.0.1;
						TestTargetID = 1CD3C80A2AF4EA1600C7B804;
					};
					1CD3C8252AF4EA1B00C7B804 = {
						CreatedOnToolsVersion = 15.0.1;
						TestTargetID = 1CD3C80A2AF4EA1600C7B804;
					};
				};
			};
			buildConfigurationList = 1CD3C8062AF4EA1600C7B804 /* Build configuration list for PBXProject "SaveMoney" */;
			compatibilityVersion = "Xcode 14.0";
			developmentRegion = en;
			hasScannedForEncodings = 0;
			knownRegions = (
				en,
				Base,
			);
			mainGroup = 1CD3C8022AF4EA1600C7B804;
			productRefGroup = 1CD3C80C2AF4EA1600C7B804 /* Products */;
			projectDirPath = "";
			projectRoot = "";
			targets = (
				1CD3C80A2AF4EA1600C7B804 /* SaveMoney */,
				1CD3C81B2AF4EA1B00C7B804 /* SaveMoneyTests */,
				1CD3C8252AF4EA1B00C7B804 /* SaveMoneyUITests */,
			);
		};
/* End PBXProject section */

/* Begin PBXResourcesBuildPhase section */
		1CD3C8092AF4EA1600C7B804 /* Resources */ = {
			isa = PBXResourcesBuildPhase;
			buildActionMask = 2147483647;
			files = (
				1CD3C8172AF4EA1A00C7B804 /* Preview Assets.xcassets in Resources */,
				1CD3C8132AF4EA1A00C7B804 /* Assets.xcassets in Resources */,
			);
			runOnlyForDeploymentPostprocessing = 0;
		};
		1CD3C81A2AF4EA1B00C7B804 /* Resources */ = {
			isa = PBXResourcesBuildPhase;
			buildActionMask = 2147483647;
			files = (
			);
			runOnlyForDeploymentPostprocessing = 0;
		};
		1CD3C8242AF4EA1B00C7B804 /* Resources */ = {
			isa = PBXResourcesBuildPhase;
			buildActionMask = 2147483647;
			files = (
			);
			runOnlyForDeploymentPostprocessing = 0;
		};
/* End PBXResourcesBuildPhase section */

/* Begin PBXSourcesBuildPhase section */
		1CD3C8072AF4EA1600C7B804 /* Sources */ = {
			isa = PBXSourcesBuildPhase;
			buildActionMask = 2147483647;
			files = (
				1CD3C8112AF4EA1600C7B804 /* ContentView.swift in Sources */,
				1CD3C80F2AF4EA1600C7B804 /* SaveMoneyApp.swift in Sources */,
			);
			runOnlyForDeploymentPostprocessing = 0;
		};
		1CD3C8182AF4EA1B00C7B804 /* Sources */ = {
			isa = PBXSourcesBuildPhase;
			buildActionMask = 2147483647;
			files = (
				1CD3C8212AF4EA1B00C7B804 /* SaveMoneyTests.swift in Sources */,
			);
			runOnlyForDeploymentPostprocessing = 0;
		};
		1CD3C8222AF4EA1B00C7B804 /* Sources */ = {
			isa = PBXSourcesBuildPhase;
			buildActionMask = 2147483647;
			files = (
				1CD3C82D2AF4EA1B00C7B804 /* SaveMoneyUITestsLaunchTests.swift in Sources */,
				1CD3C82B2AF4EA1B00C7B804 /* SaveMoneyUITests.swift in Sources */,
			);
			runOnlyForDeploymentPostprocessing = 0;
		};
/* End PBXSourcesBuildPhase section */

/* Begin PBXTargetDependency section */
		1CD3C81E2AF4EA1B00C7B804 /* PBXTargetDependency */ = {
			isa = PBXTargetDependency;
			target = 1CD3C80A2AF4EA1600C7B804 /* SaveMoney */;
			targetProxy = 1CD3C81D2AF4EA1B00C7B804 /* PBXContainerItemProxy */;
		};
		1CD3C8282AF4EA1B00C7B804 /* PBXTargetDependency */ = {
			isa = PBXTargetDependency;
			target = 1CD3C80A2AF4EA1600C7B804 /* SaveMoney */;
			targetProxy = 1CD3C8272AF4EA1B00C7B804 /* PBXContainerItemProxy */;
		};
/* End PBXTargetDependency section */

/* Begin XCBuildConfiguration section */
		1CD3C82E2AF4EA1B00C7B804 /* Debug */ = {
			isa = XCBuildConfiguration;
			buildSettings = {
				ALWAYS_SEARCH_USER_PATHS = NO;
				ASSETCATALOG_COMPILER_GENERATE_SWIFT_ASSET_SYMBOL_EXTENSIONS = YES;
				CLANG_ANALYZER_NONNULL = YES;
				CLANG_ANALYZER_NUMBER_OBJECT_CONVERSION = YES_AGGRESSIVE;
				CLANG_CXX_LANGUAGE_STANDARD = "gnu++20";
				CLANG_ENABLE_MODULES = YES;
				CLANG_ENABLE_OBJC_ARC = YES;
				CLANG_ENABLE_OBJC_WEAK = YES;
				CLANG_WARN_BLOCK_CAPTURE_AUTORELEASING = YES;
				CLANG_WARN_BOOL_CONVERSION = YES;
				CLANG_WARN_COMMA = YES;
				CLANG_WARN_CONSTANT_CONVERSION = YES;
				CLANG_WARN_DEPRECATED_OBJC_IMPLEMENTATIONS = YES;
				CLANG_WARN_DIRECT_OBJC_ISA_USAGE = YES_ERROR;
				CLANG_WARN_DOCUMENTATION_COMMENTS = YES;
				CLANG_WARN_EMPTY_BODY = YES;
				CLANG_WARN_ENUM_CONVERSION = YES;
				CLANG_WARN_INFINITE_RECURSION = YES;
				CLANG_WARN_INT_CONVERSION = YES;
				CLANG_WARN_NON_LITERAL_NULL_CONVERSION = YES;
				CLANG_WARN_OBJC_IMPLICIT_RETAIN_SELF = YES;
				CLANG_WARN_OBJC_LITERAL_CONVERSION = YES;
				CLANG_WARN_OBJC_ROOT_CLASS = YES_ERROR;
				CLANG_WARN_QUOTED_INCLUDE_IN_FRAMEWORK_HEADER = YES;
				CLANG_WARN_RANGE_LOOP_ANALYSIS = YES;
				CLANG_WARN_STRICT_PROTOTYPES = YES;
				CLANG_WARN_SUSPICIOUS_MOVE = YES;
				CLANG_WARN_UNGUARDED_AVAILABILITY = YES_AGGRESSIVE;
				CLANG_WARN_UNREACHABLE_CODE = YES;
				CLANG_WARN__DUPLICATE_METHOD_MATCH = YES;
				COPY_PHASE_STRIP = NO;
				DEBUG_INFORMATION_FORMAT = dwarf;
				ENABLE_STRICT_OBJC_MSGSEND = YES;
				ENABLE_TESTABILITY = YES;
				ENABLE_USER_SCRIPT_SANDBOXING = YES;
				GCC_C_LANGUAGE_STANDARD = gnu17;
				GCC_DYNAMIC_NO_PIC = NO;
				GCC_NO_COMMON_BLOCKS = YES;
				GCC_OPTIMIZATION_LEVEL = 0;
				GCC_PREPROCESSOR_DEFINITIONS = (
					"DEBUG=1",
					"$(inherited)",
				);
				GCC_WARN_64_TO_32_BIT_CONVERSION = YES;
				GCC_WARN_ABOUT_RETURN_TYPE = YES_ERROR;
				GCC_WARN_UNDECLARED_SELECTOR = YES;
				GCC_WARN_UNINITIALIZED_AUTOS = YES_AGGRESSIVE;
				GCC_WARN_UNUSED_FUNCTION = YES;
				GCC_WARN_UNUSED_VARIABLE = YES;
				LOCALIZATION_PREFERS_STRING_CATALOGS = YES;
				MTL_ENABLE_DEBUG_INFO = INCLUDE_SOURCE;
				MTL_FAST_MATH = YES;
				ONLY_ACTIVE_ARCH = YES;
				SWIFT_ACTIVE_COMPILATION_CONDITIONS = "DEBUG $(inherited)";
				SWIFT_OPTIMIZATION_LEVEL = "-Onone";
			};
			name = Debug;
		};
		1CD3C82F2AF4EA1B00C7B804 /* Release */ = {
			isa = XCBuildConfiguration;
			buildSettings = {
				ALWAYS_SEARCH_USER_PATHS = NO;
				ASSETCATALOG_COMPILER_GENERATE_SWIFT_ASSET_SYMBOL_EXTENSIONS = YES;
				CLANG_ANALYZER_NONNULL = YES;
				CLANG_ANALYZER_NUMBER_OBJECT_CONVERSION = YES_AGGRESSIVE;
				CLANG_CXX_LANGUAGE_STANDARD = "gnu++20";
				CLANG_ENABLE_MODULES = YES;
				CLANG_ENABLE_OBJC_ARC = YES;
				CLANG_ENABLE_OBJC_WEAK = YES;
				CLANG_WARN_BLOCK_CAPTURE_AUTORELEASING = YES;
				CLANG_WARN_BOOL_CONVERSION = YES;
				CLANG_WARN_COMMA = YES;
				CLANG_WARN_CONSTANT_CONVERSION = YES;
				CLANG_WARN_DEPRECATED_OBJC_IMPLEMENTATIONS = YES;
				CLANG_WARN_DIRECT_OBJC_ISA_USAGE = YES_ERROR;
				CLANG_WARN_DOCUMENTATION_COMMENTS = YES;
				CLANG_WARN_EMPTY_BODY = YES;
				CLANG_WARN_ENUM_CONVERSION = YES;
				CLANG_WARN_INFINITE_RECURSION = YES;
				CLANG_WARN_INT_CONVERSION = YES;
				CLANG_WARN_NON_LITERAL_NULL_CONVERSION = YES;
				CLANG_WARN_OBJC_IMPLICIT_RETAIN_SELF = YES;
				CLANG_WARN_OBJC_LITERAL_CONVERSION = YES;
				CLANG_WARN_OBJC_ROOT_CLASS = YES_ERROR;
				CLANG_WARN_QUOTED_INCLUDE_IN_FRAMEWORK_HEADER = YES;
				CLANG_WARN_RANGE_LOOP_ANALYSIS = YES;
				CLANG_WARN_STRICT_PROTOTYPES = YES;
				CLANG_WARN_SUSPICIOUS_MOVE = YES;
				CLANG_WARN_UNGUARDED_AVAILABILITY = YES_AGGRESSIVE;
				CLANG_WARN_UNREACHABLE_CODE = YES;
				CLANG_WARN__DUPLICATE_METHOD_MATCH = YES;
				COPY_PHASE_STRIP = NO;
				DEBUG_INFORMATION_FORMAT = "dwarf-with-dsym";
				ENABLE_NS_ASSERTIONS = NO;
				ENABLE_STRICT_OBJC_MSGSEND = YES;
				ENABLE_USER_SCRIPT_SANDBOXING = YES;
				GCC_C_LANGUAGE_STANDARD = gnu17;
				GCC_NO_COMMON_BLOCKS = YES;
				GCC_WARN_64_TO_32_BIT_CONVERSION = YES;
				GCC_WARN_ABOUT_RETURN_TYPE = YES_ERROR;
				GCC_WARN_UNDECLARED_SELECTOR = YES;
				GCC_WARN_UNINITIALIZED_AUTOS = YES_AGGRESSIVE;
				GCC_WARN_UNUSED_FUNCTION = YES;
				GCC_WARN_UNUSED_VARIABLE = YES;
				LOCALIZATION_PREFERS_STRING_CATALOGS = YES;
				MTL_ENABLE_DEBUG_INFO = NO;
				MTL_FAST_MATH = YES;
				SWIFT_COMPILATION_MODE = wholemodule;
			};
			name = Release;
		};
		1CD3C8312AF4EA1B00C7B804 /* Debug */ = {
			isa = XCBuildConfiguration;
			buildSettings = {
				ASSETCATALOG_COMPILER_APPICON_NAME = AppIcon;
				ASSETCATALOG_COMPILER_GLOBAL_ACCENT_COLOR_NAME = AccentColor;
				CODE_SIGN_ENTITLEMENTS = SaveMoney/SaveMoney.entitlements;
				CODE_SIGN_STYLE = Automatic;
				CURRENT_PROJECT_VERSION = 1;
				DEVELOPMENT_ASSET_PATHS = "\"SaveMoney/Preview Content\"";
				DEVELOPMENT_TEAM = G7J3NZ3MWB;
				ENABLE_HARDENED_RUNTIME = YES;
				ENABLE_PREVIEWS = YES;
				GENERATE_INFOPLIST_FILE = YES;
				"INFOPLIST_KEY_UIApplicationSceneManifest_Generation[sdk=iphoneos*]" = YES;
				"INFOPLIST_KEY_UIApplicationSceneManifest_Generation[sdk=iphonesimulator*]" = YES;
				"INFOPLIST_KEY_UIApplicationSupportsIndirectInputEvents[sdk=iphoneos*]" = YES;
				"INFOPLIST_KEY_UIApplicationSupportsIndirectInputEvents[sdk=iphonesimulator*]" = YES;
				"INFOPLIST_KEY_UILaunchScreen_Generation[sdk=iphoneos*]" = YES;
				"INFOPLIST_KEY_UILaunchScreen_Generation[sdk=iphonesimulator*]" = YES;
				"INFOPLIST_KEY_UIStatusBarStyle[sdk=iphoneos*]" = UIStatusBarStyleDefault;
				"INFOPLIST_KEY_UIStatusBarStyle[sdk=iphonesimulator*]" = UIStatusBarStyleDefault;
				INFOPLIST_KEY_UISupportedInterfaceOrientations_iPad = "UIInterfaceOrientationPortrait UIInterfaceOrientationPortraitUpsideDown UIInterfaceOrientationLandscapeLeft UIInterfaceOrientationLandscapeRight";
				INFOPLIST_KEY_UISupportedInterfaceOrientations_iPhone = "UIInterfaceOrientationPortrait UIInterfaceOrientationLandscapeLeft UIInterfaceOrientationLandscapeRight";
				IPHONEOS_DEPLOYMENT_TARGET = 17.0;
				LD_RUNPATH_SEARCH_PATHS = "@executable_path/Frameworks";
				"LD_RUNPATH_SEARCH_PATHS[sdk=macosx*]" = "@executable_path/../Frameworks";
				MACOSX_DEPLOYMENT_TARGET = 13.6;
				MARKETING_VERSION = 1.0;
				PRODUCT_BUNDLE_IDENTIFIER = com.SaveMoney;
				PRODUCT_NAME = "$(TARGET_NAME)";
				SDKROOT = auto;
				SUPPORTED_PLATFORMS = "iphoneos iphonesimulator macosx";
				SWIFT_EMIT_LOC_STRINGS = YES;
				SWIFT_VERSION = 5.0;
				TARGETED_DEVICE_FAMILY = "1,2";
			};
			name = Debug;
		};
		1CD3C8322AF4EA1B00C7B804 /* Release */ = {
			isa = XCBuildConfiguration;
			buildSettings = {
				ASSETCATALOG_COMPILER_APPICON_NAME = AppIcon;
				ASSETCATALOG_COMPILER_GLOBAL_ACCENT_COLOR_NAME = AccentColor;
				CODE_SIGN_ENTITLEMENTS = SaveMoney/SaveMoney.entitlements;
				CODE_SIGN_STYLE = Automatic;
				CURRENT_PROJECT_VERSION = 1;
				DEVELOPMENT_ASSET_PATHS = "\"SaveMoney/Preview Content\"";
				DEVELOPMENT_TEAM = G7J3NZ3MWB;
				ENABLE_HARDENED_RUNTIME = YES;
				ENABLE_PREVIEWS = YES;
				GENERATE_INFOPLIST_FILE = YES;
				"INFOPLIST_KEY_UIApplicationSceneManifest_Generation[sdk=iphoneos*]" = YES;
				"INFOPLIST_KEY_UIApplicationSceneManifest_Generation[sdk=iphonesimulator*]" = YES;
				"INFOPLIST_KEY_UIApplicationSupportsIndirectInputEvents[sdk=iphoneos*]" = YES;
				"INFOPLIST_KEY_UIApplicationSupportsIndirectInputEvents[sdk=iphonesimulator*]" = YES;
				"INFOPLIST_KEY_UILaunchScreen_Generation[sdk=iphoneos*]" = YES;
				"INFOPLIST_KEY_UILaunchScreen_Generation[sdk=iphonesimulator*]" = YES;
				"INFOPLIST_KEY_UIStatusBarStyle[sdk=iphoneos*]" = UIStatusBarStyleDefault;
				"INFOPLIST_KEY_UIStatusBarStyle[sdk=iphonesimulator*]" = UIStatusBarStyleDefault;
				INFOPLIST_KEY_UISupportedInterfaceOrientations_iPad = "UIInterfaceOrientationPortrait UIInterfaceOrientationPortraitUpsideDown UIInterfaceOrientationLandscapeLeft UIInterfaceOrientationLandscapeRight";
				INFOPLIST_KEY_UISupportedInterfaceOrientations_iPhone = "UIInterfaceOrientationPortrait UIInterfaceOrientationLandscapeLeft UIInterfaceOrientationLandscapeRight";
				IPHONEOS_DEPLOYMENT_TARGET = 17.0;
				LD_RUNPATH_SEARCH_PATHS = "@executable_path/Frameworks";
				"LD_RUNPATH_SEARCH_PATHS[sdk=macosx*]" = "@executable_path/../Frameworks";
				MACOSX_DEPLOYMENT_TARGET = 13.6;
				MARKETING_VERSION = 1.0;
				PRODUCT_BUNDLE_IDENTIFIER = com.SaveMoney;
				PRODUCT_NAME = "$(TARGET_NAME)";
				SDKROOT = auto;
				SUPPORTED_PLATFORMS = "iphoneos iphonesimulator macosx";
				SWIFT_EMIT_LOC_STRINGS = YES;
				SWIFT_VERSION = 5.0;
				TARGETED_DEVICE_FAMILY = "1,2";
			};
			name = Release;
		};
		1CD3C8342AF4EA1B00C7B804 /* Debug */ = {
			isa = XCBuildConfiguration;
			buildSettings = {
				ALWAYS_EMBED_SWIFT_STANDARD_LIBRARIES = YES;
				BUNDLE_LOADER = "$(TEST_HOST)";
				CODE_SIGN_STYLE = Automatic;
				CURRENT_PROJECT_VERSION = 1;
				DEVELOPMENT_TEAM = G7J3NZ3MWB;
				GENERATE_INFOPLIST_FILE = YES;
				IPHONEOS_DEPLOYMENT_TARGET = 17.0;
				MACOSX_DEPLOYMENT_TARGET = 13.6;
				MARKETING_VERSION = 1.0;
				PRODUCT_BUNDLE_IDENTIFIER = com.SaveMoneyTests;
				PRODUCT_NAME = "$(TARGET_NAME)";
				SDKROOT = auto;
				SUPPORTED_PLATFORMS = "iphoneos iphonesimulator macosx";
				SWIFT_EMIT_LOC_STRINGS = NO;
				SWIFT_VERSION = 5.0;
				TARGETED_DEVICE_FAMILY = "1,2";
				TEST_HOST = "$(BUILT_PRODUCTS_DIR)/SaveMoney.app/$(BUNDLE_EXECUTABLE_FOLDER_PATH)/SaveMoney";
			};
			name = Debug;
		};
		1CD3C8352AF4EA1B00C7B804 /* Release */ = {
			isa = XCBuildConfiguration;
			buildSettings = {
				ALWAYS_EMBED_SWIFT_STANDARD_LIBRARIES = YES;
				BUNDLE_LOADER = "$(TEST_HOST)";
				CODE_SIGN_STYLE = Automatic;
				CURRENT_PROJECT_VERSION = 1;
				DEVELOPMENT_TEAM = G7J3NZ3MWB;
				GENERATE_INFOPLIST_FILE = YES;
				IPHONEOS_DEPLOYMENT_TARGET = 17.0;
				MACOSX_DEPLOYMENT_TARGET = 13.6;
				MARKETING_VERSION = 1.0;
				PRODUCT_BUNDLE_IDENTIFIER = com.SaveMoneyTests;
				PRODUCT_NAME = "$(TARGET_NAME)";
				SDKROOT = auto;
				SUPPORTED_PLATFORMS = "iphoneos iphonesimulator macosx";
				SWIFT_EMIT_LOC_STRINGS = NO;
				SWIFT_VERSION = 5.0;
				TARGETED_DEVICE_FAMILY = "1,2";
				TEST_HOST = "$(BUILT_PRODUCTS_DIR)/SaveMoney.app/$(BUNDLE_EXECUTABLE_FOLDER_PATH)/SaveMoney";
			};
			name = Release;
		};
		1CD3C8372AF4EA1B00C7B804 /* Debug */ = {
			isa = XCBuildConfiguration;
			buildSettings = {
				ALWAYS_EMBED_SWIFT_STANDARD_LIBRARIES = YES;
				CODE_SIGN_STYLE = Automatic;
				CURRENT_PROJECT_VERSION = 1;
				DEVELOPMENT_TEAM = G7J3NZ3MWB;
				GENERATE_INFOPLIST_FILE = YES;
				IPHONEOS_DEPLOYMENT_TARGET = 17.0;
				MACOSX_DEPLOYMENT_TARGET = 13.6;
				MARKETING_VERSION = 1.0;
				PRODUCT_BUNDLE_IDENTIFIER = com.SaveMoneyUITests;
				PRODUCT_NAME = "$(TARGET_NAME)";
				SDKROOT = auto;
				SUPPORTED_PLATFORMS = "iphoneos iphonesimulator macosx";
				SWIFT_EMIT_LOC_STRINGS = NO;
				SWIFT_VERSION = 5.0;
				TARGETED_DEVICE_FAMILY = "1,2";
				TEST_TARGET_NAME = SaveMoney;
			};
			name = Debug;
		};
		1CD3C8382AF4EA1B00C7B804 /* Release */ = {
			isa = XCBuildConfiguration;
			buildSettings = {
				ALWAYS_EMBED_SWIFT_STANDARD_LIBRARIES = YES;
				CODE_SIGN_STYLE = Automatic;
				CURRENT_PROJECT_VERSION = 1;
				DEVELOPMENT_TEAM = G7J3NZ3MWB;
				GENERATE_INFOPLIST_FILE = YES;
				IPHONEOS_DEPLOYMENT_TARGET = 17.0;
				MACOSX_DEPLOYMENT_TARGET = 13.6;
				MARKETING_VERSION = 1.0;
				PRODUCT_BUNDLE_IDENTIFIER = com.SaveMoneyUITests;
				PRODUCT_NAME = "$(TARGET_NAME)";
				SDKROOT = auto;
				SUPPORTED_PLATFORMS = "iphoneos iphonesimulator macosx";
				SWIFT_EMIT_LOC_STRINGS = NO;
				SWIFT_VERSION = 5.0;
				TARGETED_DEVICE_FAMILY = "1,2";
				TEST_TARGET_NAME = SaveMoney;
			};
			name = Release;
		};
/* End XCBuildConfiguration section */

/* Begin XCConfigurationList section */
		1CD3C8062AF4EA1600C7B804 /* Build configuration list for PBXProject "SaveMoney" */ = {
			isa = XCConfigurationList;
			buildConfigurations = (
				1CD3C82E2AF4EA1B00C7B804 /* Debug */,
				1CD3C82F2AF4EA1B00C7B804 /* Release */,
			);
			defaultConfigurationIsVisible = 0;
			defaultConfigurationName = Release;
		};
		1CD3C8302AF4EA1B00C7B804 /* Build configuration list for PBXNativeTarget "SaveMoney" */ = {
			isa = XCConfigurationList;
			buildConfigurations = (
				1CD3C8312AF4EA1B00C7B804 /* Debug */,
				1CD3C8322AF4EA1B00C7B804 /* Release */,
			);
			defaultConfigurationIsVisible = 0;
			defaultConfigurationName = Release;
		};
		1CD3C8332AF4EA1B00C7B804 /* Build configuration list for PBXNativeTarget "SaveMoneyTests" */ = {
			isa = XCConfigurationList;
			buildConfigurations = (
				1CD3C8342AF4EA1B00C7B804 /* Debug */,
				1CD3C8352AF4EA1B00C7B804 /* Release */,
			);
			defaultConfigurationIsVisible = 0;
			defaultConfigurationName = Release;
		};
		1CD3C8362AF4EA1B00C7B804 /* Build configuration list for PBXNativeTarget "SaveMoneyUITests" */ = {
			isa = XCConfigurationList;
			buildConfigurations = (
				1CD3C8372AF4EA1B00C7B804 /* Debug */,
				1CD3C8382AF4EA1B00C7B804 /* Release */,
			);
			defaultConfigurationIsVisible = 0;
			defaultConfigurationName = Release;
		};
/* End XCConfigurationList section */
	};
	rootObject = 1CD3C8032AF4EA1600C7B804 /* Project object */;
}
